github.com/aslrousta/errors v0.1.0 h1:cQgkCCVkHvmSTBY7HEK9B20bL/oW+HqaUvCFmSw7mYk=
github.com/aslrousta/errors v0.1.0/go.mod h1:8FEwSrruqvvez9jP3AR0Z2QmgI1zzuYdX5UOgc9i2Z4=
github.com/aslrousta/errors v0.2.0 h1:9x11Hi/wXqyGBeA9YahTrUbjNdowCogRN4gGBYtzkk0=
github.com/aslrousta/errors v0.2.0/go.mod h1:8FEwSrruqvvez9jP3AR0Z2QmgI1zzuYdX5UOgc9i2Z4=
